{
  "nodes": {
    "flake-parts": {
      "inputs": {
        "nixpkgs-lib": "nixpkgs-lib"
      },
      "locked": {
        "lastModified": 1688466019,
        "narHash": "sha256-VeM2akYrBYMsb4W/MmBo1zmaMfgbL4cH3Pu8PGyIwJ0=",
        "owner": "hercules-ci",
        "repo": "flake-parts",
        "rev": "8e8d955c22df93dbe24f19ea04f47a74adbdc5ec",
        "type": "github"
      },
      "original": {
        "owner": "hercules-ci",
        "repo": "flake-parts",
        "type": "github"
      }
    },
    "haskell-flake": {
      "locked": {
        "lastModified": 1690398210,
        "narHash": "sha256-1wnx2K3U2xmUI5rUulOZ66tcIva+OGWS47dyHdZJjsA=",
        "owner": "srid",
        "repo": "haskell-flake",
        "rev": "d3c8d8be31d3a5dcf9d49e9dacfc570b5c736658",
        "type": "github"
      },
      "original": {
        "owner": "srid",
        "repo": "haskell-flake",
        "type": "github"
      }
    },
    "nixpkgs": {
      "locked": {
        "lastModified": 1690441914,
        "narHash": "sha256-Ac+kJQ5z9MDAMyzSc0i0zJDx2i3qi9NjlW5Lz285G/I=",
        "owner": "nixos",
        "repo": "nixpkgs",
        "rev": "db8672b8d0a2593c2405aed0c1dfa64b2a2f428f",
        "type": "github"
      },
      "original": {
        "owner": "nixos",
        "ref": "nixpkgs-unstable",
        "repo": "nixpkgs",
        "type": "github"
      }
    },
    "nixpkgs-lib": {
      "locked": {
        "dir": "lib",
        "lastModified": 1688049487,
        "narHash": "sha256-100g4iaKC9MalDjUW9iN6Jl/OocTDtXdeAj7pEGIRh4=",
        "owner": "NixOS",
        "repo": "nixpkgs",
        "rev": "4bc72cae107788bf3f24f30db2e2f685c9298dc9",
        "type": "github"
      },
      "original": {
        "dir": "lib",
        "owner": "NixOS",
        "ref": "nixos-unstable",
        "repo": "nixpkgs",
        "type": "github"
      }
    },
    "root": {
      "inputs": {
        "flake-parts": "flake-parts",
        "haskell-flake": "haskell-flake",
        "nixpkgs": "nixpkgs",
        "treefmt-nix": "treefmt-nix"
      }
    },
    "treefmt-nix": {
      "inputs": {
        "nixpkgs": [
          "nixpkgs"
        ]
      },
      "locked": {
        "lastModified": 1690874496,
        "narHash": "sha256-qYZJVAfilFbUL6U+euMjKLXUADueMNQBqwihpNzTbDU=",
        "owner": "numtide",
        "repo": "treefmt-nix",
        "rev": "fab56c8ce88f593300cd8c7351c9f97d10c333c5",
        "type": "github"
      },
      "original": {
        "owner": "numtide",
        "repo": "treefmt-nix",
        "type": "github"
      }
    }
  },
  "root": "root",
  "version": 7
}
